# This file is autogenerated, do not edit; changes may be undone by the next 'dep ensure'.


[[projects]]
  branch = "master"
  name = "github.com/armon/go-socks5"
  packages = ["."]
  revision = "e75332964ef517daa070d7c38a9466a0d687e0a5"

[[projects]]
  branch = "master"
  name = "github.com/caarlos0/env"
  packages = ["."]
  revision = "3e0f30cbf50bb82273cf60e7bb70869f4852e9b8"

[[projects]]
  branch = "master"
  name = "golang.org/x/net"
  packages = ["context"]
  revision = "61147c48b25b599e5b561d2e9c4f3e1ef489ca41"

[solve-meta]
  analyzer-name = "dep"
  analyzer-version = 1
  inputs-digest = "b579eb59bf4c9ca68a34a1b121d49796b87e80c2514576b22c53c4507f129c87"
  solver-name = "gps-cdcl"
  solver-version = 1
