# This file is autogenerated, do not edit; changes may be undone by the next 'dep ensure'.


[[projects]]
  branch = "master"
  name = "github.com/armon/go-socks5"
  packages = ["."]
  revision = "e75332964ef517daa070d7c38a9466a0d687e0a5"

[[projects]]
  branch = "master"
  name = "golang.org/x/net"
  packages = ["context"]
  revision = "61147c48b25b599e5b561d2e9c4f3e1ef489ca41"

[solve-meta]
  analyzer-name = "dep"
  analyzer-version = 1
  inputs-digest = "bb1b87ff840d0a559073f327d2c493d6ca2c37ed971b13eef6796925f3980a7a"
  solver-name = "gps-cdcl"
  solver-version = 1
